{
  "requires": true,
  "lockfileVersion": 1,
  "dependencies": {
    "react-native-is-edge-to-edge": {
      "version": "1.3.1",
      "resolved": "https://registry.npmjs.org/react-native-is-edge-to-edge/-/react-native-is-edge-to-edge-1.3.1.tgz",
      "integrity": "sha512-NIXU/iT5+ORyCc7p0z2nnlkouYKX425vuU1OEm6bMMtWWR9yvb+Xg5AZmImTKoF9abxCPqrKC3rOZsKzUYgYZA=="
    },
    "react-native-reanimated": {
      "version": "4.3.0",
      "resolved": "https://registry.npmjs.org/react-native-reanimated/-/react-native-reanimated-4.3.0.tgz",
      "integrity": "sha512-HOTTPdKtddXTOsmQxDASXEwLS3lqEHrKERD3XOgzSqWJ7L3x81Pnx7mTcKx1FKdkgomMug/XSmm1C6Z7GIowxA==",
      "requires": {
        "react-native-is-edge-to-edge": "^1.3.1",
        "semver": "^7.7.3"
      }
    },
    "semver": {
      "version": "7.7.4",
      "resolved": "https://registry.npmjs.org/semver/-/semver-7.7.4.tgz",
      "integrity": "sha512-vFKC2IEtQnVhpT78h1Yp8wzwrf8CM+MzKMHGJZfBtzhZNycRFnXsHk6E5TxIkkMsgNS7mdX3AGB7x2QM2di4lA=="
    }
  }
}
